
Microsoft Visual Studio Solution File, Format Version 12.00
# Visual Studio 15
VisualStudioVersion = 15.0.28307.329
MinimumVisualStudioVersion = 10.0.40219.1
Project("{FAE04EC0-301F-11D3-BF4B-00C04F79EFBC}") = "DeploySQL", "DeploySQL.csproj", "{8240F3ED-1531-4A0E-9EFA-BC933F994933}"
EndProject
Global
	GlobalSection(SolutionConfigurationPlatforms) = preSolution
		Debug|Any CPU = Debug|Any CPU
		Release|Any CPU = Release|Any CPU
	EndGlobalSection
	GlobalSection(ProjectConfigurationPlatforms) = postSolution
		{8240F3ED-1531-4A0E-9EFA-BC933F994933}.Debug|Any CPU.ActiveCfg = Debug|Any CPU
		{8240F3ED-1531-4A0E-9EFA-BC933F994933}.Debug|Any CPU.Build.0 = Debug|Any CPU
		{8240F3ED-1531-4A0E-9EFA-BC933F994933}.Release|Any CPU.ActiveCfg = Release|Any CPU
		{8240F3ED-1531-4A0E-9EFA-BC933F994933}.Release|Any CPU.Build.0 = Release|Any CPU
	EndGlobalSection
	GlobalSection(SolutionProperties) = preSolution
		HideSolutionNode = FALSE
	EndGlobalSection
	GlobalSection(ExtensibilityGlobals) = postSolution
		SolutionGuid = {6A8D7E03-6A4E-4CE9-A9EA-D5F0B533F614}
	EndGlobalSection
EndGlobal
